
Microsoft Visual Studio Solution File, Format Version 12.00
# Visual Studio Version 16
VisualStudioVersion = 16.0.30907.101
MinimumVisualStudioVersion = 10.0.40219.1
Project("{FAE04EC0-301F-11D3-BF4B-00C04F79EFBC}") = "220307", "220307\220307.csproj", "{7C3C9490-3F25-45F1-8900-D7B1CD507953}"
EndProject
Global
	GlobalSection(SolutionConfigurationPlatforms) = preSolution
		Debug|Any CPU = Debug|Any CPU
		Release|Any CPU = Release|Any CPU
	EndGlobalSection
	GlobalSection(ProjectConfigurationPlatforms) = postSolution
		{7C3C9490-3F25-45F1-8900-D7B1CD507953}.Debug|Any CPU.ActiveCfg = Debug|Any CPU
		{7C3C9490-3F25-45F1-8900-D7B1CD507953}.Debug|Any CPU.Build.0 = Debug|Any CPU
		{7C3C9490-3F25-45F1-8900-D7B1CD507953}.Release|Any CPU.ActiveCfg = Release|Any CPU
		{7C3C9490-3F25-45F1-8900-D7B1CD507953}.Release|Any CPU.Build.0 = Release|Any CPU
	EndGlobalSection
	GlobalSection(SolutionProperties) = preSolution
		HideSolutionNode = FALSE
	EndGlobalSection
	GlobalSection(ExtensibilityGlobals) = postSolution
		SolutionGuid = {C663BF5E-D9AA-4E27-B234-ABA472DC4CF6}
	EndGlobalSection
EndGlobal
